<?xml version="1.0" encoding="UTF-8" standalone="yes" ?>
<CodeBlocks_project_file>
	<FileVersion major="1" minor="5" />
	<Project>
		<Option title="Project404" />
		<Option pch_mode="2" />
		<Option default_target="Debug" />
		<Option compiler="gcc" />
		<Option virtualFolders="" />
		<Build>
			<Target title="Debug">
				<Option output="..\bin\Project404d.exe" />
				<Option working_dir="..\bin\" />
				<Option object_output="..\obj\Debug\" />
				<Option type="1" />
				<Option compiler="gcc" />
				<Compiler>
					<Add option="-g" />
					<Add option="-D_WIN32" />
					<Add option="-D_DEBUG" />
					<Add option="-DWIN32" />
					<Add option="-D_CONSOLE" />
					<Add option="-D__WINDOWS_DS__" />
					<Add option="-D__RTAUDIO_DEBUG__" />
				</Compiler>
				<Linker>
					<Add library="dsound" />
					<Add library="winmm" />
					<Add library="ole32" />
				</Linker>
			</Target>
			<Target title="Release">
				<Option output="..\bin\Project404.exe" />
				<Option working_dir="..\bin\" />
				<Option object_output="..\obj\Release\" />
				<Option type="0" />
				<Option compiler="gcc" />
				<Compiler>
					<Add option="-fexpensive-optimizations" />
					<Add option="-Os" />
					<Add option="-O3" />
					<Add option="-O2" />
					<Add option="-D_WIN32" />
					<Add option="-DWIN32" />
					<Add option="-D_CONSOLE" />
					<Add option="-D__WINDOWS_DS__" />
				</Compiler>
				<Linker>
					<Add option="-s" />
					<Add library="dsound" />
					<Add library="winmm" />
					<Add library="ole32" />
				</Linker>
			</Target>
			<Target title="UnitTest_Debug">
				<Option output="..\bin\Project404UnitTestd.exe" />
				<Option working_dir="..\bin\" />
				<Option object_output="..\obj\UnitTest_Debug\" />
				<Option type="1" />
				<Option compiler="gcc" />
				<Option parameters="unitTests.txt" />
				<Compiler>
					<Add option="-g" />
					<Add option="-DWIN32" />
					<Add option="-D_CONSOLE" />
					<Add option="-D__WINDOWS_DS__" />
					<Add option="-D__RTAUDIO_DEBUG__" />
				</Compiler>
				<Linker>
					<Add library="dsound" />
					<Add library="winmm" />
					<Add library="ole32" />
				</Linker>
				<ExtraCommands>
					<Add before="buildunittests.bat" />
				</ExtraCommands>
			</Target>
			<Target title="UnitTest_Release">
				<Option output="..\bin\Project404UnitTest.exe" />
				<Option working_dir="..\bin\" />
				<Option object_output="..\obj\Release\" />
				<Option type="1" />
				<Option compiler="gcc" />
				<Option parameters="unitTests.txt" />
				<Compiler>
					<Add option="-fexpensive-optimizations" />
					<Add option="-Os" />
					<Add option="-O3" />
					<Add option="-O2" />
					<Add option="-D_WIN32" />
					<Add option="-DWIN32" />
					<Add option="-D_CONSOLE" />
					<Add option="-D__WINDOWS_DS__" />
				</Compiler>
				<Linker>
					<Add option="-s" />
					<Add library="dsound" />
					<Add library="winmm" />
					<Add library="ole32" />
				</Linker>
				<ExtraCommands>
					<Add before="buildunittests.bat" />
				</ExtraCommands>
			</Target>
		</Build>
		<VirtualTargets>
			<Add alias="All" targets="Debug;Release;UnitTest_Debug;UnitTest_Release;" />
		</VirtualTargets>
		<Compiler>
			<Add option="-Wall" />
			<Add option="-Wno-uninitialized" />
			<Add option="-DTIXML_USE_STL" />
			<Add directory="..\external\include" />
			<Add directory="..\src" />
			<Add directory="..\external\include\SDL" />
		</Compiler>
		<Linker>
			<Add library="mingw32" />
			<Add library="SDL.dll" />
			<Add library="SDLmain" />
			<Add library="user32" />
			<Add library="gdi32" />
			<Add library="winmm" />
			<Add library="dxguid" />
			<Add library="..\bin\SDL_mixer.dll" />
			<Add library="libtinyxml_STL" />
			<Add library="SDL_ttf" />
			<Add library="..\bin\SDL_image.dll" />
			<Add directory="..\external\lib" />
		</Linker>
		<Unit filename="..\external\include\RtAudio.h">
			<Option compilerVar="CPP" />
			<Option compile="0" />
			<Option link="0" />
			<Option target="Debug" />
			<Option target="Release" />
			<Option target="UnitTest_Debug" />
			<Option target="UnitTest_Release" />
		</Unit>
		<Unit filename="..\external\include\RtError.h">
			<Option compilerVar="CPP" />
			<Option compile="0" />
			<Option link="0" />
			<Option target="Debug" />
			<Option target="Release" />
			<Option target="UnitTest_Debug" />
			<Option target="UnitTest_Release" />
		</Unit>
		<Unit filename="..\external\include\dsound.h">
			<Option compilerVar="CPP" />
			<Option compile="0" />
			<Option link="0" />
			<Option target="Debug" />
			<Option target="Release" />
			<Option target="UnitTest_Debug" />
			<Option target="UnitTest_Release" />
		</Unit>
		<Unit filename="..\external\include\mmgr\mmgr.cpp">
			<Option compilerVar="CPP" />
			<Option target="Debug" />
			<Option target="UnitTest_Debug" />
		</Unit>
		<Unit filename="..\external\lib\RtAudio.cpp">
			<Option compilerVar="CPP" />
			<Option target="Debug" />
			<Option target="Release" />
			<Option target="UnitTest_Debug" />
			<Option target="UnitTest_Release" />
		</Unit>
		<Unit filename="..\src\AI\AIControl.cpp">
			<Option compilerVar="CPP" />
			<Option target="Debug" />
			<Option target="Release" />
			<Option target="UnitTest_Release" />
			<Option target="UnitTest_Debug" />
		</Unit>
		<Unit filename="..\src\AI\AIControl.h">
			<Option compilerVar="CPP" />
			<Option compile="0" />
			<Option link="0" />
			<Option target="Debug" />
			<Option target="Release" />
			<Option target="UnitTest_Release" />
			<Option target="UnitTest_Debug" />
		</Unit>
		<Unit filename="..\src\Database\DBBase.cpp">
			<Option compilerVar="CPP" />
			<Option target="Debug" />
			<Option target="Release" />
			<Option target="UnitTest_Release" />
			<Option target="UnitTest_Debug" />
		</Unit>
		<Unit filename="..\src\Database\DBBase.h">
			<Option compilerVar="CPP" />
			<Option compile="0" />
			<Option link="0" />
			<Option target="Debug" />
			<Option target="Release" />
			<Option target="UnitTest_Release" />
			<Option target="UnitTest_Debug" />
		</Unit>
		<Unit filename="..\src\Database\DBColour.cpp">
			<Option compilerVar="CPP" />
			<Option target="Debug" />
			<Option target="Release" />
			<Option target="UnitTest_Release" />
			<Option target="UnitTest_Debug" />
		</Unit>
		<Unit filename="..\src\Database\DBColour.h">
			<Option compilerVar="CPP" />
			<Option compile="0" />
			<Option link="0" />
			<Option target="Debug" />
			<Option target="Release" />
			<Option target="UnitTest_Release" />
			<Option target="UnitTest_Debug" />
		</Unit>
		<Unit filename="..\src\Database\DBData.cpp">
			<Option compilerVar="CPP" />
			<Option target="Debug" />
			<Option target="Release" />
			<Option target="UnitTest_Release" />
			<Option target="UnitTest_Debug" />
		</Unit>
		<Unit filename="..\src\Database\DBData.h">
			<Option compilerVar="CPP" />
			<Option compile="0" />
			<Option link="0" />
			<Option target="Debug" />
			<Option target="Release" />
			<Option target="UnitTest_Release" />
			<Option target="UnitTest_Debug" />
		</Unit>
		<Unit filename="..\src\Database\DBEngine.cpp">
			<Option compilerVar="CPP" />
			<Option target="Debug" />
			<Option target="Release" />
			<Option target="UnitTest_Release" />
			<Option target="UnitTest_Debug" />
		</Unit>
		<Unit filename="..\src\Database\DBEngine.h">
			<Option compilerVar="CPP" />
			<Option compile="0" />
			<Option link="0" />
			<Option target="Debug" />
			<Option target="Release" />
			<Option target="UnitTest_Release" />
			<Option target="UnitTest_Debug" />
		</Unit>
		<Unit filename="..\src\Database\DBFloat.cpp">
			<Option compilerVar="CPP" />
			<Option target="Debug" />
			<Option target="Release" />
			<Option target="UnitTest_Release" />
			<Option target="UnitTest_Debug" />
		</Unit>
		<Unit filename="..\src\Database\DBFloat.h">
			<Option compilerVar="CPP" />
			<Option compile="0" />
			<Option link="0" />
			<Option target="Debug" />
			<Option target="Release" />
			<Option target="UnitTest_Release" />
			<Option target="UnitTest_Debug" />
		</Unit>
		<Unit filename="..\src\Database\DBInt.cpp">
			<Option compilerVar="CPP" />
			<Option target="Debug" />
			<Option target="Release" />
			<Option target="UnitTest_Release" />
			<Option target="UnitTest_Debug" />
		</Unit>
		<Unit filename="..\src\Database\DBInt.h">
			<Option compilerVar="CPP" />
			<Option compile="0" />
			<Option link="0" />
			<Option target="Debug" />
			<Option target="Release" />
			<Option target="UnitTest_Release" />
			<Option target="UnitTest_Debug" />
		</Unit>
		<Unit filename="..\src\Database\DBNode.cpp">
			<Option compilerVar="CPP" />
			<Option target="Debug" />
			<Option target="Release" />
			<Option target="UnitTest_Release" />
			<Option target="UnitTest_Debug" />
		</Unit>
		<Unit filename="..\src\Database\DBNode.h">
			<Option compilerVar="CPP" />
			<Option compile="0" />
			<Option link="0" />
			<Option target="Debug" />
			<Option target="Release" />
			<Option target="UnitTest_Release" />
			<Option target="UnitTest_Debug" />
		</Unit>
		<Unit filename="..\src\Database\DBString.cpp">
			<Option compilerVar="CPP" />
			<Option target="Debug" />
			<Option target="Release" />
			<Option target="UnitTest_Release" />
			<Option target="UnitTest_Debug" />
		</Unit>
		<Unit filename="..\src\Database\DBString.h">
			<Option compilerVar="CPP" />
			<Option compile="0" />
			<Option link="0" />
			<Option target="Debug" />
			<Option target="Release" />
			<Option target="UnitTest_Release" />
			<Option target="UnitTest_Debug" />
		</Unit>
		<Unit filename="..\src\Database\DBVector2D.cpp">
			<Option compilerVar="CPP" />
			<Option target="Debug" />
			<Option target="Release" />
			<Option target="UnitTest_Release" />
			<Option target="UnitTest_Debug" />
		</Unit>
		<Unit filename="..\src\Database\DBVector2D.h">
			<Option compilerVar="CPP" />
			<Option compile="0" />
			<Option link="0" />
			<Option target="Debug" />
			<Option target="Release" />
			<Option target="UnitTest_Release" />
			<Option target="UnitTest_Debug" />
		</Unit>
		<Unit filename="..\src\Database\DatabaseManager.cpp">
			<Option compilerVar="CPP" />
			<Option target="Debug" />
			<Option target="Release" />
			<Option target="UnitTest_Release" />
			<Option target="UnitTest_Debug" />
		</Unit>
		<Unit filename="..\src\Database\DatabaseManager.h">
			<Option compilerVar="CPP" />
			<Option compile="0" />
			<Option link="0" />
			<Option target="Debug" />
			<Option target="Release" />
			<Option target="UnitTest_Release" />
			<Option target="UnitTest_Debug" />
		</Unit>
		<Unit filename="..\src\EventListener.h">
			<Option compilerVar="CPP" />
			<Option compile="0" />
			<Option link="0" />
			<Option target="Debug" />
			<Option target="Release" />
			<Option target="UnitTest_Release" />
			<Option target="UnitTest_Debug" />
		</Unit>
		<Unit filename="..\src\ExampleEventListener.h">
			<Option compilerVar="CPP" />
			<Option compile="0" />
			<Option link="0" />
			<Option target="Debug" />
			<Option target="Release" />
			<Option target="UnitTest_Release" />
			<Option target="UnitTest_Debug" />
		</Unit>
		<Unit filename="..\src\GameEngine\Archer.cpp">
			<Option compilerVar="CPP" />
			<Option target="Debug" />
			<Option target="Release" />
			<Option target="UnitTest_Release" />
			<Option target="UnitTest_Debug" />
		</Unit>
		<Unit filename="..\src\GameEngine\Archer.h">
			<Option compilerVar="CPP" />
			<Option compile="0" />
			<Option link="0" />
			<Option target="Debug" />
			<Option target="Release" />
			<Option target="UnitTest_Release" />
			<Option target="UnitTest_Debug" />
		</Unit>
		<Unit filename="..\src\GameEngine\ArmorItem.cpp">
			<Option compilerVar="CPP" />
			<Option target="Debug" />
			<Option target="Release" />
			<Option target="UnitTest_Release" />
			<Option target="UnitTest_Debug" />
		</Unit>
		<Unit filename="..\src\GameEngine\ArmorItem.h">
			<Option compilerVar="CPP" />
			<Option compile="0" />
			<Option link="0" />
			<Option target="Debug" />
			<Option target="Release" />
			<Option target="UnitTest_Release" />
			<Option target="UnitTest_Debug" />
		</Unit>
		<Unit filename="..\src\GameEngine\Character.cpp">
			<Option compilerVar="CPP" />
			<Option target="Debug" />
			<Option target="Release" />
			<Option target="UnitTest_Release" />
			<Option target="UnitTest_Debug" />
		</Unit>
		<Unit filename="..\src\GameEngine\Character.h">
			<Option compilerVar="CPP" />
			<Option compile="0" />
			<Option link="0" />
			<Option target="Debug" />
			<Option target="Release" />
			<Option target="UnitTest_Release" />
			<Option target="UnitTest_Debug" />
		</Unit>
		<Unit filename="..\src\GameEngine\City.cpp">
			<Option compilerVar="CPP" />
			<Option target="Debug" />
			<Option target="Release" />
			<Option target="UnitTest_Release" />
			<Option target="UnitTest_Debug" />
		</Unit>
		<Unit filename="..\src\GameEngine\City.h">
			<Option compilerVar="CPP" />
			<Option compile="0" />
			<Option link="0" />
			<Option target="Debug" />
			<Option target="Release" />
			<Option target="UnitTest_Debug" />
			<Option target="UnitTest_Release" />
		</Unit>
		<Unit filename="..\src\GameEngine\GameEngine.cpp">
			<Option compilerVar="CPP" />
			<Option target="Debug" />
			<Option target="Release" />
			<Option target="UnitTest_Release" />
			<Option target="UnitTest_Debug" />
		</Unit>
		<Unit filename="..\src\GameEngine\GameEngine.h">
			<Option compilerVar="CPP" />
			<Option compile="0" />
			<Option link="0" />
			<Option target="Debug" />
			<Option target="Release" />
			<Option target="UnitTest_Release" />
			<Option target="UnitTest_Debug" />
		</Unit>
		<Unit filename="..\src\GameEngine\Healer.cpp">
			<Option compilerVar="CPP" />
			<Option target="Debug" />
			<Option target="Release" />
			<Option target="UnitTest_Release" />
			<Option target="UnitTest_Debug" />
		</Unit>
		<Unit filename="..\src\GameEngine\Healer.h">
			<Option compilerVar="CPP" />
			<Option compile="0" />
			<Option link="0" />
			<Option target="Debug" />
			<Option target="Release" />
			<Option target="UnitTest_Release" />
			<Option target="UnitTest_Debug" />
		</Unit>
		<Unit filename="..\src\GameEngine\Item.cpp">
			<Option compilerVar="CPP" />
			<Option target="Debug" />
			<Option target="Release" />
			<Option target="UnitTest_Release" />
			<Option target="UnitTest_Debug" />
		</Unit>
		<Unit filename="..\src\GameEngine\Item.h">
			<Option compilerVar="CPP" />
			<Option compile="0" />
			<Option link="0" />
			<Option target="Debug" />
			<Option target="Release" />
			<Option target="UnitTest_Release" />
			<Option target="UnitTest_Debug" />
		</Unit>
		<Unit filename="..\src\GameEngine\Knight.cpp">
			<Option compilerVar="CPP" />
			<Option target="Debug" />
			<Option target="Release" />
			<Option target="UnitTest_Release" />
			<Option target="UnitTest_Debug" />
		</Unit>
		<Unit filename="..\src\GameEngine\Knight.h">
			<Option compilerVar="CPP" />
			<Option compile="0" />
			<Option link="0" />
			<Option target="Debug" />
			<Option target="Release" />
			<Option target="UnitTest_Release" />
			<Option target="UnitTest_Debug" />
		</Unit>
		<Unit filename="..\src\GameEngine\Level.cpp">
			<Option compilerVar="CPP" />
			<Option target="Debug" />
			<Option target="Release" />
			<Option target="UnitTest_Release" />
			<Option target="UnitTest_Debug" />
		</Unit>
		<Unit filename="..\src\GameEngine\Level.h">
			<Option compilerVar="CPP" />
			<Option compile="0" />
			<Option link="0" />
			<Option target="Debug" />
			<Option target="Release" />
			<Option target="UnitTest_Release" />
			<Option target="UnitTest_Debug" />
		</Unit>
		<Unit filename="..\src\GameEngine\Mage.cpp">
			<Option compilerVar="CPP" />
			<Option target="Debug" />
			<Option target="Release" />
			<Option target="UnitTest_Release" />
			<Option target="UnitTest_Debug" />
		</Unit>
		<Unit filename="..\src\GameEngine\Mage.h">
			<Option compilerVar="CPP" />
			<Option compile="0" />
			<Option link="0" />
			<Option target="Debug" />
			<Option target="Release" />
			<Option target="UnitTest_Release" />
			<Option target="UnitTest_Debug" />
		</Unit>
		<Unit filename="..\src\GameEngine\Map.cpp">
			<Option compilerVar="CPP" />
			<Option target="Debug" />
			<Option target="Release" />
			<Option target="UnitTest_Release" />
			<Option target="UnitTest_Debug" />
		</Unit>
		<Unit filename="..\src\GameEngine\Map.h">
			<Option compilerVar="CPP" />
			<Option compile="0" />
			<Option link="0" />
			<Option target="Debug" />
			<Option target="Release" />
			<Option target="UnitTest_Release" />
			<Option target="UnitTest_Debug" />
		</Unit>
		<Unit filename="..\src\GameEngine\Tile.cpp">
			<Option compilerVar="CPP" />
			<Option target="Debug" />
			<Option target="Release" />
			<Option target="UnitTest_Release" />
			<Option target="UnitTest_Debug" />
		</Unit>
		<Unit filename="..\src\GameEngine\Tile.h">
			<Option compilerVar="CPP" />
			<Option compile="0" />
			<Option link="0" />
			<Option target="Debug" />
			<Option target="Release" />
			<Option target="UnitTest_Release" />
			<Option target="UnitTest_Debug" />
		</Unit>
		<Unit filename="..\src\GameEngine\WeaponItem.cpp">
			<Option compilerVar="CPP" />
			<Option target="Debug" />
			<Option target="Release" />
			<Option target="UnitTest_Release" />
			<Option target="UnitTest_Debug" />
		</Unit>
		<Unit filename="..\src\GameEngine\WeaponItem.h">
			<Option compilerVar="CPP" />
			<Option compile="0" />
			<Option link="0" />
			<Option target="Debug" />
			<Option target="Release" />
			<Option target="UnitTest_Release" />
			<Option target="UnitTest_Debug" />
		</Unit>
		<Unit filename="..\src\GameRoot.cpp">
			<Option compilerVar="CPP" />
			<Option target="Debug" />
			<Option target="Release" />
			<Option target="UnitTest_Release" />
			<Option target="UnitTest_Debug" />
		</Unit>
		<Unit filename="..\src\GameRoot.h">
			<Option compilerVar="CPP" />
			<Option compile="0" />
			<Option link="0" />
			<Option target="Debug" />
			<Option target="Release" />
			<Option target="UnitTest_Release" />
			<Option target="UnitTest_Debug" />
		</Unit>
		<Unit filename="..\src\InputManager.cpp">
			<Option compilerVar="CPP" />
			<Option target="Debug" />
			<Option target="Release" />
			<Option target="UnitTest_Release" />
			<Option target="UnitTest_Debug" />
		</Unit>
		<Unit filename="..\src\InputManager.h">
			<Option compilerVar="CPP" />
			<Option compile="0" />
			<Option link="0" />
			<Option target="Debug" />
			<Option target="Release" />
			<Option target="UnitTest_Release" />
			<Option target="UnitTest_Debug" />
		</Unit>
		<Unit filename="..\src\Logger.cpp">
			<Option compilerVar="CPP" />
			<Option target="Debug" />
			<Option target="Release" />
			<Option target="UnitTest_Release" />
			<Option target="UnitTest_Debug" />
		</Unit>
		<Unit filename="..\src\Logger.h">
			<Option compilerVar="CPP" />
			<Option compile="0" />
			<Option link="0" />
			<Option target="Debug" />
			<Option target="Release" />
			<Option target="UnitTest_Release" />
			<Option target="UnitTest_Debug" />
		</Unit>
		<Unit filename="..\src\Point.cpp">
			<Option compilerVar="CPP" />
			<Option target="Debug" />
			<Option target="Release" />
			<Option target="UnitTest_Release" />
			<Option target="UnitTest_Debug" />
		</Unit>
		<Unit filename="..\src\Point.h">
			<Option compilerVar="CPP" />
			<Option compile="0" />
			<Option link="0" />
			<Option target="Debug" />
			<Option target="Release" />
			<Option target="UnitTest_Release" />
			<Option target="UnitTest_Debug" />
		</Unit>
		<Unit filename="..\src\Renderer\ExampleRenderable.h">
			<Option compilerVar="CPP" />
			<Option compile="0" />
			<Option link="0" />
			<Option target="Debug" />
			<Option target="Release" />
			<Option target="UnitTest_Release" />
			<Option target="UnitTest_Debug" />
		</Unit>
		<Unit filename="..\src\Renderer\Renderer.cpp">
			<Option compilerVar="CPP" />
			<Option target="Debug" />
			<Option target="Release" />
			<Option target="UnitTest_Release" />
			<Option target="UnitTest_Debug" />
		</Unit>
		<Unit filename="..\src\Renderer\Renderer.h">
			<Option compilerVar="CPP" />
			<Option compile="0" />
			<Option link="0" />
			<Option target="Debug" />
			<Option target="Release" />
			<Option target="UnitTest_Release" />
			<Option target="UnitTest_Debug" />
		</Unit>
		<Unit filename="..\src\Renderer\SDLRenderable.h">
			<Option compilerVar="CPP" />
			<Option compile="0" />
			<Option link="0" />
			<Option target="Debug" />
			<Option target="Release" />
			<Option target="UnitTest_Release" />
			<Option target="UnitTest_Debug" />
		</Unit>
		<Unit filename="..\src\Renderer\SDLRenderer.cpp">
			<Option compilerVar="CPP" />
			<Option target="Debug" />
			<Option target="Release" />
			<Option target="UnitTest_Release" />
			<Option target="UnitTest_Debug" />
		</Unit>
		<Unit filename="..\src\Renderer\sdlrenderer.h">
			<Option compilerVar="CPP" />
			<Option compile="0" />
			<Option link="0" />
			<Option target="Debug" />
			<Option target="Release" />
			<Option target="UnitTest_Release" />
			<Option target="UnitTest_Debug" />
		</Unit>
		<Unit filename="..\src\ResourceManager\MusicResource.cpp">
			<Option compilerVar="CPP" />
			<Option target="Debug" />
			<Option target="Release" />
			<Option target="UnitTest_Release" />
			<Option target="UnitTest_Debug" />
		</Unit>
		<Unit filename="..\src\ResourceManager\MusicResource.h">
			<Option compilerVar="CPP" />
			<Option compile="0" />
			<Option link="0" />
			<Option target="Debug" />
			<Option target="Release" />
			<Option target="UnitTest_Release" />
			<Option target="UnitTest_Debug" />
		</Unit>
		<Unit filename="..\src\ResourceManager\Resource.h">
			<Option compilerVar="CPP" />
			<Option compile="0" />
			<Option link="0" />
			<Option target="Debug" />
			<Option target="Release" />
			<Option target="UnitTest_Release" />
			<Option target="UnitTest_Debug" />
		</Unit>
		<Unit filename="..\src\ResourceManager\ResourceManager.cpp">
			<Option compilerVar="CPP" />
			<Option target="Debug" />
			<Option target="Release" />
			<Option target="UnitTest_Release" />
			<Option target="UnitTest_Debug" />
		</Unit>
		<Unit filename="..\src\ResourceManager\ResourceManager.h">
			<Option compilerVar="CPP" />
			<Option compile="0" />
			<Option link="0" />
			<Option target="Debug" />
			<Option target="Release" />
			<Option target="UnitTest_Release" />
			<Option target="UnitTest_Debug" />
		</Unit>
		<Unit filename="..\src\ResourceManager\SoundResource.cpp">
			<Option compilerVar="CPP" />
			<Option target="Debug" />
			<Option target="Release" />
			<Option target="UnitTest_Release" />
			<Option target="UnitTest_Debug" />
		</Unit>
		<Unit filename="..\src\ResourceManager\SoundResource.h">
			<Option compilerVar="CPP" />
			<Option compile="0" />
			<Option link="0" />
			<Option target="Debug" />
			<Option target="Release" />
			<Option target="UnitTest_Release" />
			<Option target="UnitTest_Debug" />
		</Unit>
		<Unit filename="..\src\ResourceManager\TextureResource.cpp">
			<Option compilerVar="CPP" />
			<Option target="Debug" />
			<Option target="Release" />
			<Option target="UnitTest_Release" />
			<Option target="UnitTest_Debug" />
		</Unit>
		<Unit filename="..\src\ResourceManager\TextureResource.h">
			<Option compilerVar="CPP" />
			<Option compile="0" />
			<Option link="0" />
			<Option target="Debug" />
			<Option target="Release" />
			<Option target="UnitTest_Release" />
			<Option target="UnitTest_Debug" />
		</Unit>
		<Unit filename="..\src\SecurityManager.cpp">
			<Option compilerVar="CPP" />
			<Option target="Debug" />
			<Option target="Release" />
			<Option target="UnitTest_Release" />
			<Option target="UnitTest_Debug" />
		</Unit>
		<Unit filename="..\src\SecurityManager.h">
			<Option compilerVar="CPP" />
			<Option compile="0" />
			<Option link="0" />
			<Option target="Debug" />
			<Option target="Release" />
			<Option target="UnitTest_Release" />
			<Option target="UnitTest_Debug" />
		</Unit>
		<Unit filename="..\src\SoundManager.cpp">
			<Option compilerVar="CPP" />
			<Option target="Debug" />
			<Option target="Release" />
			<Option target="UnitTest_Release" />
			<Option target="UnitTest_Debug" />
		</Unit>
		<Unit filename="..\src\SoundManager.h">
			<Option compilerVar="CPP" />
			<Option compile="0" />
			<Option link="0" />
			<Option target="Debug" />
			<Option target="Release" />
			<Option target="UnitTest_Release" />
			<Option target="UnitTest_Debug" />
		</Unit>
		<Unit filename="..\src\UIEventListener.h">
			<Option compilerVar="CPP" />
			<Option compile="0" />
			<Option link="0" />
			<Option target="Debug" />
			<Option target="Release" />
			<Option target="UnitTest_Debug" />
			<Option target="UnitTest_Release" />
		</Unit>
		<Unit filename="..\src\UI\FuncObj.h">
			<Option compilerVar="CPP" />
			<Option compile="0" />
			<Option link="0" />
			<Option target="Debug" />
			<Option target="Release" />
			<Option target="UnitTest_Release" />
			<Option target="UnitTest_Debug" />
		</Unit>
		<Unit filename="..\src\UI\Layouts\UIArmoryLayout.cpp">
			<Option compilerVar="CPP" />
			<Option target="Debug" />
			<Option target="Release" />
			<Option target="UnitTest_Debug" />
			<Option target="UnitTest_Release" />
		</Unit>
		<Unit filename="..\src\UI\Layouts\UIArmoryLayout.h">
			<Option compilerVar="CPP" />
			<Option compile="0" />
			<Option link="0" />
			<Option target="Debug" />
			<Option target="Release" />
			<Option target="UnitTest_Debug" />
			<Option target="UnitTest_Release" />
		</Unit>
		<Unit filename="..\src\UI\Layouts\UIBattleScreenLayout.cpp">
			<Option compilerVar="CPP" />
			<Option target="Debug" />
			<Option target="Release" />
			<Option target="UnitTest_Release" />
			<Option target="UnitTest_Debug" />
		</Unit>
		<Unit filename="..\src\UI\Layouts\UIBattleScreenLayout.h">
			<Option compilerVar="CPP" />
			<Option compile="0" />
			<Option link="0" />
			<Option target="Debug" />
			<Option target="Release" />
			<Option target="UnitTest_Release" />
			<Option target="UnitTest_Debug" />
		</Unit>
		<Unit filename="..\src\UI\Layouts\UICreditsLayout.cpp">
			<Option compilerVar="CPP" />
			<Option target="Debug" />
			<Option target="Release" />
			<Option target="UnitTest_Debug" />
			<Option target="UnitTest_Release" />
		</Unit>
		<Unit filename="..\src\UI\Layouts\UICreditsLayout.h">
			<Option compilerVar="CPP" />
			<Option compile="0" />
			<Option link="0" />
			<Option target="Debug" />
			<Option target="Release" />
			<Option target="UnitTest_Debug" />
			<Option target="UnitTest_Release" />
		</Unit>
		<Unit filename="..\src\UI\Layouts\UILoadGameLayout.cpp">
			<Option compilerVar="CPP" />
			<Option target="Debug" />
			<Option target="Release" />
			<Option target="UnitTest_Debug" />
			<Option target="UnitTest_Release" />
		</Unit>
		<Unit filename="..\src\UI\Layouts\UILoadGameLayout.h">
			<Option compilerVar="CPP" />
			<Option compile="0" />
			<Option link="0" />
			<Option target="Debug" />
			<Option target="Release" />
			<Option target="UnitTest_Debug" />
			<Option target="UnitTest_Release" />
		</Unit>
		<Unit filename="..\src\UI\Layouts\UILoadProfileLayout.cpp">
			<Option compilerVar="CPP" />
			<Option target="Debug" />
			<Option target="Release" />
			<Option target="UnitTest_Debug" />
			<Option target="UnitTest_Release" />
		</Unit>
		<Unit filename="..\src\UI\Layouts\UILoadProfileLayout.h">
			<Option compilerVar="CPP" />
			<Option compile="0" />
			<Option link="0" />
			<Option target="Debug" />
			<Option target="Release" />
			<Option target="UnitTest_Debug" />
			<Option target="UnitTest_Release" />
		</Unit>
		<Unit filename="..\src\UI\Layouts\UILoseLayout.cpp">
			<Option compilerVar="CPP" />
			<Option target="Debug" />
			<Option target="Release" />
			<Option target="UnitTest_Release" />
			<Option target="UnitTest_Debug" />
		</Unit>
		<Unit filename="..\src\UI\Layouts\UILoseLayout.h">
			<Option compilerVar="CPP" />
			<Option compile="0" />
			<Option link="0" />
			<Option target="Debug" />
			<Option target="Release" />
			<Option target="UnitTest_Debug" />
			<Option target="UnitTest_Release" />
		</Unit>
		<Unit filename="..\src\UI\Layouts\UIMainMenuLayout.cpp">
			<Option compilerVar="CPP" />
			<Option target="Debug" />
			<Option target="Release" />
			<Option target="UnitTest_Release" />
			<Option target="UnitTest_Debug" />
		</Unit>
		<Unit filename="..\src\UI\Layouts\UIMainMenuLayout.h">
			<Option compilerVar="CPP" />
			<Option compile="0" />
			<Option link="0" />
			<Option target="Debug" />
			<Option target="Release" />
			<Option target="UnitTest_Release" />
			<Option target="UnitTest_Debug" />
		</Unit>
		<Unit filename="..\src\UI\Layouts\UIMarketLayout.cpp">
			<Option compilerVar="CPP" />
			<Option target="Debug" />
			<Option target="Release" />
			<Option target="UnitTest_Debug" />
			<Option target="UnitTest_Release" />
		</Unit>
		<Unit filename="..\src\UI\Layouts\UIMarketLayout.h">
			<Option compilerVar="CPP" />
			<Option compile="0" />
			<Option link="0" />
			<Option target="Debug" />
			<Option target="Release" />
			<Option target="UnitTest_Debug" />
			<Option target="UnitTest_Release" />
		</Unit>
		<Unit filename="..\src\UI\Layouts\UINewProfileLayout.cpp">
			<Option compilerVar="CPP" />
			<Option target="Debug" />
			<Option target="Release" />
			<Option target="UnitTest_Debug" />
			<Option target="UnitTest_Release" />
		</Unit>
		<Unit filename="..\src\UI\Layouts\UINewProfileLayout.h">
			<Option compilerVar="CPP" />
			<Option compile="0" />
			<Option link="0" />
			<Option target="Debug" />
			<Option target="Release" />
			<Option target="UnitTest_Debug" />
			<Option target="UnitTest_Release" />
		</Unit>
		<Unit filename="..\src\UI\Layouts\UIOptionsLayout.cpp">
			<Option compilerVar="CPP" />
			<Option target="Debug" />
			<Option target="Release" />
			<Option target="UnitTest_Debug" />
			<Option target="UnitTest_Release" />
		</Unit>
		<Unit filename="..\src\UI\Layouts\UIOptionsLayout.h">
			<Option compilerVar="CPP" />
			<Option compile="0" />
			<Option link="0" />
			<Option target="Debug" />
			<Option target="Release" />
			<Option target="UnitTest_Debug" />
			<Option target="UnitTest_Release" />
		</Unit>
		<Unit filename="..\src\UI\Layouts\UIOverMapLayout.cpp">
			<Option compilerVar="CPP" />
			<Option target="Debug" />
			<Option target="Release" />
			<Option target="UnitTest_Release" />
			<Option target="UnitTest_Debug" />
		</Unit>
		<Unit filename="..\src\UI\Layouts\UIOverMapLayout.h">
			<Option compilerVar="CPP" />
			<Option compile="0" />
			<Option link="0" />
			<Option target="Debug" />
			<Option target="Release" />
			<Option target="UnitTest_Debug" />
			<Option target="UnitTest_Release" />
		</Unit>
		<Unit filename="..\src\UI\Layouts\UIPartyStatusLayout.cpp">
			<Option compilerVar="CPP" />
			<Option target="Debug" />
			<Option target="Release" />
			<Option target="UnitTest_Debug" />
			<Option target="UnitTest_Release" />
		</Unit>
		<Unit filename="..\src\UI\Layouts\UIPartyStatusLayout.h">
			<Option compilerVar="CPP" />
			<Option compile="0" />
			<Option link="0" />
			<Option target="Debug" />
			<Option target="Release" />
			<Option target="UnitTest_Debug" />
			<Option target="UnitTest_Release" />
		</Unit>
		<Unit filename="..\src\UI\Layouts\UIPasswordVerificationLayout.cpp">
			<Option compilerVar="CPP" />
			<Option target="Debug" />
			<Option target="Release" />
			<Option target="UnitTest_Release" />
			<Option target="UnitTest_Debug" />
		</Unit>
		<Unit filename="..\src\UI\Layouts\UIPasswordVerificationLayout.h">
			<Option compilerVar="CPP" />
			<Option compile="0" />
			<Option link="0" />
			<Option target="Debug" />
			<Option target="Release" />
			<Option target="UnitTest_Debug" />
			<Option target="UnitTest_Release" />
		</Unit>
		<Unit filename="..\src\UI\Layouts\UIProfileMenuLayout.cpp">
			<Option compilerVar="CPP" />
			<Option target="Debug" />
			<Option target="Release" />
			<Option target="UnitTest_Debug" />
			<Option target="UnitTest_Release" />
		</Unit>
		<Unit filename="..\src\UI\Layouts\UIProfileMenuLayout.h">
			<Option compilerVar="CPP" />
			<Option compile="0" />
			<Option link="0" />
			<Option target="Debug" />
			<Option target="Release" />
			<Option target="UnitTest_Debug" />
			<Option target="UnitTest_Release" />
		</Unit>
		<Unit filename="..\src\UI\Layouts\UISaveGameLayout.cpp">
			<Option compilerVar="CPP" />
			<Option target="Debug" />
			<Option target="Release" />
			<Option target="UnitTest_Debug" />
			<Option target="UnitTest_Release" />
		</Unit>
		<Unit filename="..\src\UI\Layouts\UISaveGameLayout.h">
			<Option compilerVar="CPP" />
			<Option compile="0" />
			<Option link="0" />
			<Option target="Debug" />
			<Option target="Release" />
			<Option target="UnitTest_Debug" />
			<Option target="UnitTest_Release" />
		</Unit>
		<Unit filename="..\src\UI\Layouts\UISetPasswordLayout.cpp">
			<Option compilerVar="CPP" />
			<Option target="Debug" />
			<Option target="Release" />
			<Option target="UnitTest_Release" />
			<Option target="UnitTest_Debug" />
		</Unit>
		<Unit filename="..\src\UI\Layouts\UISetPasswordLayout.h">
			<Option compilerVar="CPP" />
			<Option compile="0" />
			<Option link="0" />
			<Option target="Debug" />
			<Option target="Release" />
			<Option target="UnitTest_Debug" />
			<Option target="UnitTest_Release" />
		</Unit>
		<Unit filename="..\src\UI\Layouts\UITitleScreenLayout.cpp">
			<Option compilerVar="CPP" />
			<Option target="Debug" />
			<Option target="Release" />
			<Option target="UnitTest_Release" />
			<Option target="UnitTest_Debug" />
		</Unit>
		<Unit filename="..\src\UI\Layouts\UITitleScreenLayout.h">
			<Option compilerVar="CPP" />
			<Option compile="0" />
			<Option link="0" />
			<Option target="Debug" />
			<Option target="Release" />
			<Option target="UnitTest_Release" />
			<Option target="UnitTest_Debug" />
		</Unit>
		<Unit filename="..\src\UI\Layouts\UITutorialLayout.cpp">
			<Option compilerVar="CPP" />
			<Option target="Debug" />
			<Option target="Release" />
			<Option target="UnitTest_Debug" />
			<Option target="UnitTest_Release" />
		</Unit>
		<Unit filename="..\src\UI\Layouts\UITutorialLayout.h">
			<Option compilerVar="CPP" />
			<Option compile="0" />
			<Option link="0" />
			<Option target="Debug" />
			<Option target="Release" />
			<Option target="UnitTest_Debug" />
			<Option target="UnitTest_Release" />
		</Unit>
		<Unit filename="..\src\UI\Layouts\UITutorialMenuLayout.cpp">
			<Option compilerVar="CPP" />
			<Option target="Debug" />
			<Option target="Release" />
			<Option target="UnitTest_Debug" />
			<Option target="UnitTest_Release" />
		</Unit>
		<Unit filename="..\src\UI\Layouts\UITutorialMenuLayout.h">
			<Option compilerVar="CPP" />
			<Option compile="0" />
			<Option link="0" />
			<Option target="Debug" />
			<Option target="Release" />
			<Option target="UnitTest_Debug" />
			<Option target="UnitTest_Release" />
		</Unit>
		<Unit filename="..\src\UI\Layouts\UIWinLayout.cpp">
			<Option compilerVar="CPP" />
			<Option target="Debug" />
			<Option target="Release" />
			<Option target="UnitTest_Release" />
			<Option target="UnitTest_Debug" />
		</Unit>
		<Unit filename="..\src\UI\Layouts\UIWinLayout.h">
			<Option compilerVar="CPP" />
			<Option compile="0" />
			<Option link="0" />
			<Option target="Debug" />
			<Option target="Release" />
			<Option target="UnitTest_Debug" />
			<Option target="UnitTest_Release" />
		</Unit>
		<Unit filename="..\src\UI\UIAlphabetGrid.cpp">
			<Option compilerVar="CPP" />
			<Option target="Debug" />
			<Option target="Release" />
			<Option target="UnitTest_Debug" />
			<Option target="UnitTest_Release" />
		</Unit>
		<Unit filename="..\src\UI\UIAlphabetGrid.h">
			<Option compilerVar="CPP" />
			<Option compile="0" />
			<Option link="0" />
			<Option target="Debug" />
			<Option target="Release" />
			<Option target="UnitTest_Debug" />
			<Option target="UnitTest_Release" />
		</Unit>
		<Unit filename="..\src\UI\UIButton.cpp">
			<Option compilerVar="CPP" />
			<Option target="Debug" />
			<Option target="Release" />
			<Option target="UnitTest_Release" />
			<Option target="UnitTest_Debug" />
		</Unit>
		<Unit filename="..\src\UI\UIButton.h">
			<Option compilerVar="CPP" />
			<Option compile="0" />
			<Option link="0" />
			<Option target="Debug" />
			<Option target="Release" />
			<Option target="UnitTest_Release" />
			<Option target="UnitTest_Debug" />
		</Unit>
		<Unit filename="..\src\UI\UICharWindow.cpp">
			<Option compilerVar="CPP" />
			<Option target="Debug" />
			<Option target="Release" />
			<Option target="UnitTest_Release" />
			<Option target="UnitTest_Debug" />
		</Unit>
		<Unit filename="..\src\UI\UICharWindow.h">
			<Option compilerVar="CPP" />
			<Option compile="0" />
			<Option link="0" />
			<Option target="Debug" />
			<Option target="Release" />
			<Option target="UnitTest_Debug" />
			<Option target="UnitTest_Release" />
		</Unit>
		<Unit filename="..\src\UI\UICursor.cpp">
			<Option compilerVar="CPP" />
			<Option target="Debug" />
			<Option target="Release" />
			<Option target="UnitTest_Debug" />
			<Option target="UnitTest_Release" />
		</Unit>
		<Unit filename="..\src\UI\UICursor.h">
			<Option compilerVar="CPP" />
			<Option compile="0" />
			<Option link="0" />
			<Option target="Debug" />
			<Option target="Release" />
			<Option target="UnitTest_Release" />
			<Option target="UnitTest_Debug" />
		</Unit>
		<Unit filename="..\src\UI\UIElement.cpp">
			<Option compilerVar="CPP" />
			<Option target="Debug" />
			<Option target="Release" />
			<Option target="UnitTest_Release" />
			<Option target="UnitTest_Debug" />
		</Unit>
		<Unit filename="..\src\UI\UIElement.h">
			<Option compilerVar="CPP" />
			<Option compile="0" />
			<Option link="0" />
			<Option target="Debug" />
			<Option target="Release" />
			<Option target="UnitTest_Release" />
			<Option target="UnitTest_Debug" />
		</Unit>
		<Unit filename="..\src\UI\UIGrid.cpp">
			<Option compilerVar="CPP" />
			<Option target="Debug" />
			<Option target="Release" />
			<Option target="UnitTest_Release" />
			<Option target="UnitTest_Debug" />
		</Unit>
		<Unit filename="..\src\UI\UIGrid.h">
			<Option compilerVar="CPP" />
			<Option compile="0" />
			<Option link="0" />
			<Option target="Debug" />
			<Option target="Release" />
			<Option target="UnitTest_Release" />
			<Option target="UnitTest_Debug" />
		</Unit>
		<Unit filename="..\src\UI\UIImage.cpp">
			<Option compilerVar="CPP" />
			<Option target="Debug" />
			<Option target="Release" />
			<Option target="UnitTest_Release" />
			<Option target="UnitTest_Debug" />
		</Unit>
		<Unit filename="..\src\UI\UIImage.h">
			<Option compilerVar="CPP" />
			<Option compile="0" />
			<Option link="0" />
			<Option target="Debug" />
			<Option target="Release" />
			<Option target="UnitTest_Release" />
			<Option target="UnitTest_Debug" />
		</Unit>
		<Unit filename="..\src\UI\UIItemWindow.cpp">
			<Option compilerVar="CPP" />
			<Option target="Debug" />
			<Option target="Release" />
			<Option target="UnitTest_Debug" />
			<Option target="UnitTest_Release" />
		</Unit>
		<Unit filename="..\src\UI\UILayout.cpp">
			<Option compilerVar="CPP" />
			<Option target="Debug" />
			<Option target="Release" />
			<Option target="UnitTest_Release" />
			<Option target="UnitTest_Debug" />
		</Unit>
		<Unit filename="..\src\UI\UILayout.h">
			<Option compilerVar="CPP" />
			<Option compile="0" />
			<Option link="0" />
			<Option target="Debug" />
			<Option target="Release" />
			<Option target="UnitTest_Release" />
			<Option target="UnitTest_Debug" />
		</Unit>
		<Unit filename="..\src\UI\UILayoutTestHelp.cpp">
			<Option compilerVar="CPP" />
			<Option target="UnitTest_Debug" />
			<Option target="UnitTest_Release" />
		</Unit>
		<Unit filename="..\src\UI\UILayoutTestHelp.h">
			<Option compilerVar="CPP" />
			<Option compile="0" />
			<Option link="0" />
			<Option target="UnitTest_Debug" />
			<Option target="UnitTest_Release" />
		</Unit>
		<Unit filename="..\src\UI\UIManager.cpp">
			<Option compilerVar="CPP" />
			<Option target="Debug" />
			<Option target="Release" />
			<Option target="UnitTest_Release" />
			<Option target="UnitTest_Debug" />
		</Unit>
		<Unit filename="..\src\UI\UIManager.h">
			<Option compilerVar="CPP" />
			<Option compile="0" />
			<Option link="0" />
			<Option target="Debug" />
			<Option target="Release" />
			<Option target="UnitTest_Release" />
			<Option target="UnitTest_Debug" />
		</Unit>
		<Unit filename="..\src\UI\UIMenu.cpp">
			<Option compilerVar="CPP" />
			<Option target="Debug" />
			<Option target="Release" />
			<Option target="UnitTest_Release" />
			<Option target="UnitTest_Debug" />
		</Unit>
		<Unit filename="..\src\UI\UIMenu.h">
			<Option compilerVar="CPP" />
			<Option compile="0" />
			<Option link="0" />
			<Option target="Debug" />
			<Option target="Release" />
			<Option target="UnitTest_Release" />
			<Option target="UnitTest_Debug" />
		</Unit>
		<Unit filename="..\src\UI\UIOverMap.cpp">
			<Option compilerVar="CPP" />
			<Option target="Debug" />
			<Option target="Release" />
			<Option target="UnitTest_Release" />
			<Option target="UnitTest_Debug" />
		</Unit>
		<Unit filename="..\src\UI\UIOverMap.h">
			<Option compilerVar="CPP" />
			<Option compile="0" />
			<Option link="0" />
			<Option target="Debug" />
			<Option target="Release" />
			<Option target="UnitTest_Debug" />
			<Option target="UnitTest_Release" />
		</Unit>
		<Unit filename="..\src\UI\UIOverMapCursor.cpp">
			<Option compilerVar="CPP" />
			<Option target="Debug" />
			<Option target="Release" />
			<Option target="UnitTest_Release" />
			<Option target="UnitTest_Debug" />
		</Unit>
		<Unit filename="..\src\UI\UIOverMapCursor.h">
			<Option compilerVar="CPP" />
			<Option compile="0" />
			<Option link="0" />
			<Option target="Debug" />
			<Option target="Release" />
			<Option target="UnitTest_Debug" />
			<Option target="UnitTest_Release" />
		</Unit>
		<Unit filename="..\src\UI\UIOverMapTile.cpp">
			<Option compilerVar="CPP" />
			<Option target="Debug" />
			<Option target="Release" />
			<Option target="UnitTest_Release" />
			<Option target="UnitTest_Debug" />
		</Unit>
		<Unit filename="..\src\UI\UIOverMapTile.h">
			<Option compilerVar="CPP" />
			<Option compile="0" />
			<Option link="0" />
			<Option target="Debug" />
			<Option target="Release" />
			<Option target="UnitTest_Debug" />
			<Option target="UnitTest_Release" />
		</Unit>
		<Unit filename="..\src\UI\UIScrollText.cpp">
			<Option compilerVar="CPP" />
			<Option target="Debug" />
			<Option target="Release" />
			<Option target="UnitTest_Release" />
			<Option target="UnitTest_Debug" />
		</Unit>
		<Unit filename="..\src\UI\UIScrollText.h">
			<Option compilerVar="CPP" />
			<Option compile="0" />
			<Option link="0" />
			<Option target="Debug" />
			<Option target="Release" />
			<Option target="UnitTest_Debug" />
			<Option target="UnitTest_Release" />
		</Unit>
		<Unit filename="..\src\UI\UIText.cpp">
			<Option compilerVar="CPP" />
			<Option target="Debug" />
			<Option target="Release" />
			<Option target="UnitTest_Release" />
			<Option target="UnitTest_Debug" />
		</Unit>
		<Unit filename="..\src\UI\UIText.h">
			<Option compilerVar="CPP" />
			<Option compile="0" />
			<Option link="0" />
			<Option target="Debug" />
			<Option target="Release" />
			<Option target="UnitTest_Debug" />
			<Option target="UnitTest_Release" />
		</Unit>
		<Unit filename="..\src\UI\UITile.cpp">
			<Option compilerVar="CPP" />
			<Option target="Debug" />
			<Option target="Release" />
			<Option target="UnitTest_Release" />
			<Option target="UnitTest_Debug" />
		</Unit>
		<Unit filename="..\src\UI\UITile.h">
			<Option compilerVar="CPP" />
			<Option compile="0" />
			<Option link="0" />
			<Option target="Debug" />
			<Option target="Release" />
			<Option target="UnitTest_Release" />
			<Option target="UnitTest_Debug" />
		</Unit>
		<Unit filename="..\src\UI\UIUnitTestHelp.cpp">
			<Option compilerVar="CPP" />
			<Option target="UnitTest_Debug" />
			<Option target="UnitTest_Release" />
		</Unit>
		<Unit filename="..\src\UI\UIUnitTestHelp.h">
			<Option compilerVar="CPP" />
			<Option compile="0" />
			<Option link="0" />
			<Option target="UnitTest_Debug" />
			<Option target="UnitTest_Release" />
		</Unit>
		<Unit filename="..\src\UnitTests\AIControlTest.h">
			<Option compilerVar="CPP" />
			<Option compile="0" />
			<Option link="0" />
			<Option target="UnitTest_Debug" />
			<Option target="UnitTest_Release" />
		</Unit>
		<Unit filename="..\src\UnitTests\ArcherTest.h">
			<Option compilerVar="CPP" />
			<Option compile="0" />
			<Option link="0" />
			<Option target="UnitTest_Debug" />
			<Option target="UnitTest_Release" />
		</Unit>
		<Unit filename="..\src\UnitTests\ArmorItemTest.h">
			<Option compilerVar="CPP" />
			<Option compile="0" />
			<Option link="0" />
			<Option target="UnitTest_Debug" />
			<Option target="UnitTest_Release" />
		</Unit>
		<Unit filename="..\src\UnitTests\CharacterTest.h">
			<Option compilerVar="CPP" />
			<Option compile="0" />
			<Option link="0" />
			<Option target="UnitTest_Debug" />
			<Option target="UnitTest_Release" />
		</Unit>
		<Unit filename="..\src\UnitTests\DBColourTest.h">
			<Option compilerVar="CPP" />
			<Option compile="0" />
			<Option link="0" />
			<Option target="UnitTest_Debug" />
			<Option target="UnitTest_Release" />
		</Unit>
		<Unit filename="..\src\UnitTests\DBEngineTest.h">
			<Option compilerVar="CPP" />
			<Option compile="0" />
			<Option link="0" />
			<Option target="UnitTest_Debug" />
			<Option target="UnitTest_Release" />
		</Unit>
		<Unit filename="..\src\UnitTests\DBFloatTest.h">
			<Option compilerVar="CPP" />
			<Option compile="0" />
			<Option link="0" />
			<Option target="UnitTest_Debug" />
			<Option target="UnitTest_Release" />
		</Unit>
		<Unit filename="..\src\UnitTests\DBIntTest.h">
			<Option compilerVar="CPP" />
			<Option compile="0" />
			<Option link="0" />
			<Option target="UnitTest_Debug" />
			<Option target="UnitTest_Release" />
		</Unit>
		<Unit filename="..\src\UnitTests\DBNodeTest.h">
			<Option compilerVar="CPP" />
			<Option compile="0" />
			<Option link="0" />
			<Option target="UnitTest_Debug" />
			<Option target="UnitTest_Release" />
		</Unit>
		<Unit filename="..\src\UnitTests\DBStringTest.h">
			<Option compilerVar="CPP" />
			<Option compile="0" />
			<Option link="0" />
			<Option target="UnitTest_Debug" />
			<Option target="UnitTest_Release" />
		</Unit>
		<Unit filename="..\src\UnitTests\DBVector2DTest.h">
			<Option compilerVar="CPP" />
			<Option compile="0" />
			<Option link="0" />
			<Option target="UnitTest_Debug" />
			<Option target="UnitTest_Release" />
		</Unit>
		<Unit filename="..\src\UnitTests\DatabaseManagerTest.h">
			<Option compilerVar="CPP" />
			<Option compile="0" />
			<Option link="0" />
			<Option target="UnitTest_Debug" />
			<Option target="UnitTest_Release" />
		</Unit>
		<Unit filename="..\src\UnitTests\GameRootTest.h">
			<Option compilerVar="CPP" />
			<Option compile="0" />
			<Option link="0" />
			<Option target="UnitTest_Debug" />
			<Option target="UnitTest_Release" />
		</Unit>
		<Unit filename="..\src\UnitTests\HealerTest.h">
			<Option compilerVar="CPP" />
			<Option compile="0" />
			<Option link="0" />
			<Option target="UnitTest_Debug" />
			<Option target="UnitTest_Release" />
		</Unit>
		<Unit filename="..\src\UnitTests\ItemTest.h">
			<Option compilerVar="CPP" />
			<Option compile="0" />
			<Option link="0" />
			<Option target="UnitTest_Debug" />
			<Option target="UnitTest_Release" />
		</Unit>
		<Unit filename="..\src\UnitTests\KnightTest.h">
			<Option compilerVar="CPP" />
			<Option compile="0" />
			<Option link="0" />
			<Option target="UnitTest_Debug" />
			<Option target="UnitTest_Release" />
		</Unit>
		<Unit filename="..\src\UnitTests\LevelTest.h">
			<Option compilerVar="CPP" />
			<Option compile="0" />
			<Option link="0" />
			<Option target="UnitTest_Debug" />
			<Option target="UnitTest_Release" />
		</Unit>
		<Unit filename="..\src\UnitTests\LoggerTest.h">
			<Option compilerVar="CPP" />
			<Option compile="0" />
			<Option link="0" />
			<Option target="UnitTest_Debug" />
			<Option target="UnitTest_Release" />
		</Unit>
		<Unit filename="..\src\UnitTests\MageTest.h">
			<Option compilerVar="CPP" />
			<Option compile="0" />
			<Option link="0" />
			<Option target="UnitTest_Debug" />
			<Option target="UnitTest_Release" />
		</Unit>
		<Unit filename="..\src\UnitTests\MapTest.h">
			<Option compilerVar="CPP" />
			<Option compile="0" />
			<Option link="0" />
			<Option target="UnitTest_Debug" />
			<Option target="UnitTest_Release" />
		</Unit>
		<Unit filename="..\src\UnitTests\SecurityManagerTest.h">
			<Option compilerVar="CPP" />
			<Option compile="0" />
			<Option link="0" />
			<Option target="UnitTest_Debug" />
			<Option target="UnitTest_Release" />
		</Unit>
		<Unit filename="..\src\UnitTests\SoundManagerTest.h">
			<Option compilerVar="CPP" />
			<Option compile="0" />
			<Option link="0" />
			<Option target="UnitTest_Debug" />
			<Option target="UnitTest_Release" />
		</Unit>
		<Unit filename="..\src\UnitTests\TileTest.h">
			<Option compilerVar="CPP" />
			<Option compile="0" />
			<Option link="0" />
			<Option target="UnitTest_Debug" />
			<Option target="UnitTest_Release" />
		</Unit>
		<Unit filename="..\src\UnitTests\UIBattleScreenLayoutTest.h">
			<Option compilerVar="CPP" />
			<Option compile="0" />
			<Option link="0" />
			<Option target="UnitTest_Debug" />
			<Option target="UnitTest_Release" />
		</Unit>
		<Unit filename="..\src\UnitTests\UIButtonTest.h">
			<Option compilerVar="CPP" />
			<Option compile="0" />
			<Option link="0" />
			<Option target="UnitTest_Debug" />
			<Option target="UnitTest_Release" />
		</Unit>
		<Unit filename="..\src\UnitTests\UICharWindowTest.h">
			<Option compilerVar="CPP" />
			<Option compile="0" />
			<Option link="0" />
			<Option target="UnitTest_Debug" />
			<Option target="UnitTest_Release" />
		</Unit>
		<Unit filename="..\src\UnitTests\UIElementTest.h">
			<Option compilerVar="CPP" />
			<Option compile="0" />
			<Option link="0" />
			<Option target="UnitTest_Debug" />
			<Option target="UnitTest_Release" />
		</Unit>
		<Unit filename="..\src\UnitTests\UIImageTest.h">
			<Option compilerVar="CPP" />
			<Option compile="0" />
			<Option link="0" />
			<Option target="UnitTest_Debug" />
			<Option target="UnitTest_Release" />
		</Unit>
		<Unit filename="..\src\UnitTests\UILoseLayoutTest.h">
			<Option compilerVar="CPP" />
			<Option compile="0" />
			<Option link="0" />
			<Option target="UnitTest_Debug" />
			<Option target="UnitTest_Release" />
		</Unit>
		<Unit filename="..\src\UnitTests\UIMainMenuLayoutTest.h">
			<Option compilerVar="CPP" />
			<Option compile="0" />
			<Option link="0" />
			<Option target="UnitTest_Debug" />
			<Option target="UnitTest_Release" />
		</Unit>
		<Unit filename="..\src\UnitTests\UIManagerTest.h">
			<Option compilerVar="CPP" />
			<Option compile="0" />
			<Option link="0" />
			<Option target="UnitTest_Debug" />
			<Option target="UnitTest_Release" />
		</Unit>
		<Unit filename="..\src\UnitTests\UIMenuTest.h">
			<Option compilerVar="CPP" />
			<Option compile="0" />
			<Option link="0" />
			<Option target="UnitTest_Debug" />
			<Option target="UnitTest_Release" />
		</Unit>
		<Unit filename="..\src\UnitTests\UIOverMapLayoutTest.h">
			<Option compilerVar="CPP" />
			<Option compile="0" />
			<Option link="0" />
			<Option target="UnitTest_Debug" />
			<Option target="UnitTest_Release" />
		</Unit>
		<Unit filename="..\src\UnitTests\UIPasswordVerificationLayoutTest.h">
			<Option compilerVar="CPP" />
			<Option compile="0" />
			<Option link="0" />
			<Option target="UnitTest_Debug" />
			<Option target="UnitTest_Release" />
		</Unit>
		<Unit filename="..\src\UnitTests\UIScrollTextTest.h">
			<Option compilerVar="CPP" />
			<Option compile="0" />
			<Option link="0" />
			<Option target="UnitTest_Debug" />
			<Option target="UnitTest_Release" />
		</Unit>
		<Unit filename="..\src\UnitTests\UISetPasswordLayoutTest.h">
			<Option compilerVar="CPP" />
			<Option compile="0" />
			<Option link="0" />
			<Option target="UnitTest_Debug" />
			<Option target="UnitTest_Release" />
		</Unit>
		<Unit filename="..\src\UnitTests\UITextTest.h">
			<Option compilerVar="CPP" />
			<Option compile="0" />
			<Option link="0" />
			<Option target="UnitTest_Debug" />
			<Option target="UnitTest_Release" />
		</Unit>
		<Unit filename="..\src\UnitTests\UITitleScreenLayoutTest.h">
			<Option compilerVar="CPP" />
			<Option compile="0" />
			<Option link="0" />
			<Option target="UnitTest_Debug" />
			<Option target="UnitTest_Release" />
		</Unit>
		<Unit filename="..\src\UnitTests\UIWinLayoutTest.h">
			<Option compilerVar="CPP" />
			<Option compile="0" />
			<Option link="0" />
			<Option target="UnitTest_Debug" />
			<Option target="UnitTest_Release" />
		</Unit>
		<Unit filename="..\src\UnitTests\WeaponItemTest.h">
			<Option compilerVar="CPP" />
			<Option compile="0" />
			<Option link="0" />
			<Option target="UnitTest_Debug" />
			<Option target="UnitTest_Release" />
		</Unit>
		<Unit filename="..\src\UnitTests\sdlrendererTest.h">
			<Option compilerVar="CPP" />
			<Option compile="0" />
			<Option link="0" />
			<Option target="UnitTest_Debug" />
			<Option target="UnitTest_Release" />
		</Unit>
		<Unit filename="..\src\main.cpp">
			<Option compilerVar="CPP" />
			<Option target="Debug" />
			<Option target="Release" />
		</Unit>
		<Unit filename="..\src\unittests.cpp">
			<Option compilerVar="CPP" />
			<Option target="UnitTest_Debug" />
			<Option target="UnitTest_Release" />
		</Unit>
		<Unit filename="..\src\util.h">
			<Option compilerVar="CPP" />
			<Option compile="0" />
			<Option link="0" />
			<Option target="Debug" />
			<Option target="Release" />
			<Option target="UnitTest_Release" />
			<Option target="UnitTest_Debug" />
		</Unit>
		<Extensions />
	</Project>
</CodeBlocks_project_file>