<?xml version="1.0" encoding="UTF-8" standalone="yes" ?>
<CodeBlocks_project_file>
	<FileVersion major="1" minor="5" />
	<Project>
		<Option title="Project404" />
		<Option pch_mode="2" />
		<Option default_target="" />
		<Option compiler="gcc" />
		<Option virtualFolders="" />
		<Build>
			<Target title="Debug">
				<Option output="..\bin\Project404d.exe" />
				<Option working_dir="..\bin\" />
				<Option object_output="..\obj\Debug\" />
				<Option type="1" />
				<Option compiler="gcc" />
				<Compiler>
					<Add option="-g" />
				</Compiler>
			</Target>
			<Target title="Release">
				<Option output="..\bin\Project404.exe" />
				<Option working_dir="..\bin\" />
				<Option object_output="..\obj\Release\" />
				<Option type="0" />
				<Option compiler="gcc" />
				<Compiler>
					<Add option="-O2" />
				</Compiler>
				<Linker>
					<Add option="-s" />
				</Linker>
			</Target>
		</Build>
		<Compiler>
			<Add option="-Wall" />
			<Add directory="..\external\include" />
		</Compiler>
		<Linker>
			<Add library="mingw32" />
			<Add library="SDLmain" />
			<Add library="SDL.dll" />
			<Add library="user32" />
			<Add library="gdi32" />
			<Add library="winmm" />
			<Add library="dxguid" />
			<Add directory="..\external\lib" />
		</Linker>
		<Unit filename="..\src\Archer.h">
			<Option compilerVar="CPP" />
			<Option compile="0" />
			<Option link="0" />
			<Option target="Debug" />
			<Option target="Release" />
		</Unit>
		<Unit filename="..\src\Character.h">
			<Option compilerVar="CPP" />
			<Option compile="0" />
			<Option link="0" />
			<Option target="Debug" />
			<Option target="Release" />
		</Unit>
		<Unit filename="..\src\DBBase.h">
			<Option compilerVar="CPP" />
			<Option compile="0" />
			<Option link="0" />
			<Option target="Debug" />
			<Option target="Release" />
		</Unit>
		<Unit filename="..\src\DBColour.h">
			<Option compilerVar="CPP" />
			<Option compile="0" />
			<Option link="0" />
			<Option target="Debug" />
			<Option target="Release" />
		</Unit>
		<Unit filename="..\src\DBData.h">
			<Option compilerVar="CPP" />
			<Option compile="0" />
			<Option link="0" />
			<Option target="Debug" />
			<Option target="Release" />
		</Unit>
		<Unit filename="..\src\DBFloat.h">
			<Option compilerVar="CPP" />
			<Option compile="0" />
			<Option link="0" />
			<Option target="Debug" />
			<Option target="Release" />
		</Unit>
		<Unit filename="..\src\DBInt.h">
			<Option compilerVar="CPP" />
			<Option compile="0" />
			<Option link="0" />
			<Option target="Debug" />
			<Option target="Release" />
		</Unit>
		<Unit filename="..\src\DBNode.h">
			<Option compilerVar="CPP" />
			<Option compile="0" />
			<Option link="0" />
			<Option target="Debug" />
			<Option target="Release" />
		</Unit>
		<Unit filename="..\src\DBString.h">
			<Option compilerVar="CPP" />
			<Option compile="0" />
			<Option link="0" />
			<Option target="Debug" />
			<Option target="Release" />
		</Unit>
		<Unit filename="..\src\DBVector2D.h">
			<Option compilerVar="CPP" />
			<Option compile="0" />
			<Option link="0" />
			<Option target="Debug" />
			<Option target="Release" />
		</Unit>
		<Unit filename="..\src\GameRoot.h">
			<Option compilerVar="CPP" />
			<Option compile="0" />
			<Option link="0" />
			<Option target="Debug" />
			<Option target="Release" />
		</Unit>
		<Unit filename="..\src\Healer.h">
			<Option compilerVar="CPP" />
			<Option compile="0" />
			<Option link="0" />
			<Option target="Debug" />
			<Option target="Release" />
		</Unit>
		<Unit filename="..\src\InputManager.h">
			<Option compilerVar="CPP" />
			<Option compile="0" />
			<Option link="0" />
			<Option target="Debug" />
			<Option target="Release" />
		</Unit>
		<Unit filename="..\src\Knight.h">
			<Option compilerVar="CPP" />
			<Option compile="0" />
			<Option link="0" />
			<Option target="Debug" />
			<Option target="Release" />
		</Unit>
		<Unit filename="..\src\Logger.cpp">
			<Option compilerVar="CPP" />
			<Option target="Debug" />
			<Option target="Release" />
		</Unit>
		<Unit filename="..\src\Logger.h">
			<Option compilerVar="CPP" />
			<Option compile="0" />
			<Option link="0" />
			<Option target="Debug" />
			<Option target="Release" />
		</Unit>
		<Unit filename="..\src\Mage.h">
			<Option compilerVar="CPP" />
			<Option compile="0" />
			<Option link="0" />
			<Option target="Debug" />
			<Option target="Release" />
		</Unit>
		<Unit filename="..\src\main.cpp">
			<Option compilerVar="CPP" />
			<Option target="Debug" />
			<Option target="Release" />
		</Unit>
		<Unit filename="..\src\sdlrenderer.cpp">
			<Option compilerVar="CPP" />
			<Option target="Debug" />
			<Option target="Release" />
		</Unit>
		<Unit filename="..\src\sdlrenderer.h">
			<Option compilerVar="CPP" />
			<Option compile="0" />
			<Option link="0" />
			<Option target="Debug" />
			<Option target="Release" />
		</Unit>
		<Extensions />
	</Project>
</CodeBlocks_project_file>